// !$*UTF8*$!
{
	archiveVersion = 1;
	classes = {
	};
	objectVersion = 55;
	objects = {

/* Begin PBXBuildFile section */
		6516F0F82C2620810066669C /* homeViewController.swift in Sources */ = {isa = PBXBuildFile; fileRef = 6516F0F72C2620800066669C /* homeViewController.swift */; };
		653EC7F72C2B7BE1002EBA67 /* modelos.swift in Sources */ = {isa = PBXBuildFile; fileRef = 653EC7F62C2B7BE1002EBA67 /* modelos.swift */; };
		653EC7F92C2B7C5D002EBA67 /* AgregarPublicacionViewController.swift in Sources */ = {isa = PBXBuildFile; fileRef = 653EC7F82C2B7C5D002EBA67 /* AgregarPublicacionViewController.swift */; };
		656E5CC72BFE348F0056C11B /* AppDelegate.swift in Sources */ = {isa = PBXBuildFile; fileRef = 656E5CC62BFE348F0056C11B /* AppDelegate.swift */; };
		656E5CC92BFE348F0056C11B /* SceneDelegate.swift in Sources */ = {isa = PBXBuildFile; fileRef = 656E5CC82BFE348F0056C11B /* SceneDelegate.swift */; };
		656E5CCB2BFE348F0056C11B /* iniciarSesionViewController.swift in Sources */ = {isa = PBXBuildFile; fileRef = 656E5CCA2BFE348F0056C11B /* iniciarSesionViewController.swift */; };
		656E5CCE2BFE348F0056C11B /* Main.storyboard in Resources */ = {isa = PBXBuildFile; fileRef = 656E5CCC2BFE348F0056C11B /* Main.storyboard */; };
		656E5CD02BFE34900056C11B /* Assets.xcassets in Resources */ = {isa = PBXBuildFile; fileRef = 656E5CCF2BFE34900056C11B /* Assets.xcassets */; };
		656E5CD32BFE34900056C11B /* LaunchScreen.storyboard in Resources */ = {isa = PBXBuildFile; fileRef = 656E5CD12BFE34900056C11B /* LaunchScreen.storyboard */; };
		656E5CDE2BFE40710056C11B /* FirebaseAnalytics in Frameworks */ = {isa = PBXBuildFile; productRef = 656E5CDD2BFE40710056C11B /* FirebaseAnalytics */; };
		656E5CE02BFE40710056C11B /* FirebaseAnalyticsOnDeviceConversion in Frameworks */ = {isa = PBXBuildFile; productRef = 656E5CDF2BFE40710056C11B /* FirebaseAnalyticsOnDeviceConversion */; };
		656E5CE22BFE40710056C11B /* FirebaseAnalyticsSwift in Frameworks */ = {isa = PBXBuildFile; productRef = 656E5CE12BFE40710056C11B /* FirebaseAnalyticsSwift */; };
		656E5CE42BFE40710056C11B /* FirebaseAnalyticsWithoutAdIdSupport in Frameworks */ = {isa = PBXBuildFile; productRef = 656E5CE32BFE40710056C11B /* FirebaseAnalyticsWithoutAdIdSupport */; };
		656E5CE62BFE40710056C11B /* FirebaseAppCheck in Frameworks */ = {isa = PBXBuildFile; productRef = 656E5CE52BFE40710056C11B /* FirebaseAppCheck */; };
		656E5CE82BFE40710056C11B /* FirebaseAppDistribution-Beta in Frameworks */ = {isa = PBXBuildFile; productRef = 656E5CE72BFE40710056C11B /* FirebaseAppDistribution-Beta */; };
		656E5CEA2BFE40710056C11B /* FirebaseAuth in Frameworks */ = {isa = PBXBuildFile; productRef = 656E5CE92BFE40710056C11B /* FirebaseAuth */; };
		656E5CEC2BFE40710056C11B /* FirebaseAuthCombine-Community in Frameworks */ = {isa = PBXBuildFile; productRef = 656E5CEB2BFE40710056C11B /* FirebaseAuthCombine-Community */; };
		656E5CEE2BFE40710056C11B /* FirebaseCrashlytics in Frameworks */ = {isa = PBXBuildFile; productRef = 656E5CED2BFE40710056C11B /* FirebaseCrashlytics */; };
		656E5CF02BFE40710056C11B /* FirebaseDatabase in Frameworks */ = {isa = PBXBuildFile; productRef = 656E5CEF2BFE40710056C11B /* FirebaseDatabase */; };
		656E5CF22BFE40710056C11B /* FirebaseDatabaseSwift in Frameworks */ = {isa = PBXBuildFile; productRef = 656E5CF12BFE40710056C11B /* FirebaseDatabaseSwift */; };
		656E5CF42BFE40710056C11B /* FirebaseDynamicLinks in Frameworks */ = {isa = PBXBuildFile; productRef = 656E5CF32BFE40710056C11B /* FirebaseDynamicLinks */; };
		656E5CF62BFE40710056C11B /* FirebaseFirestore in Frameworks */ = {isa = PBXBuildFile; productRef = 656E5CF52BFE40710056C11B /* FirebaseFirestore */; };
		656E5CF82BFE40710056C11B /* FirebaseFirestoreCombine-Community in Frameworks */ = {isa = PBXBuildFile; productRef = 656E5CF72BFE40710056C11B /* FirebaseFirestoreCombine-Community */; };
		656E5CFA2BFE40710056C11B /* FirebaseFirestoreSwift in Frameworks */ = {isa = PBXBuildFile; productRef = 656E5CF92BFE40710056C11B /* FirebaseFirestoreSwift */; };
		656E5CFC2BFE40720056C11B /* FirebaseFunctions in Frameworks */ = {isa = PBXBuildFile; productRef = 656E5CFB2BFE40720056C11B /* FirebaseFunctions */; };
		656E5CFE2BFE40720056C11B /* FirebaseFunctionsCombine-Community in Frameworks */ = {isa = PBXBuildFile; productRef = 656E5CFD2BFE40720056C11B /* FirebaseFunctionsCombine-Community */; };
		656E5D002BFE40720056C11B /* FirebaseInAppMessaging-Beta in Frameworks */ = {isa = PBXBuildFile; productRef = 656E5CFF2BFE40720056C11B /* FirebaseInAppMessaging-Beta */; };
		656E5D022BFE40720056C11B /* FirebaseInAppMessagingSwift-Beta in Frameworks */ = {isa = PBXBuildFile; productRef = 656E5D012BFE40720056C11B /* FirebaseInAppMessagingSwift-Beta */; };
		656E5D042BFE40720056C11B /* FirebaseInstallations in Frameworks */ = {isa = PBXBuildFile; productRef = 656E5D032BFE40720056C11B /* FirebaseInstallations */; };
		656E5D062BFE40720056C11B /* FirebaseMLModelDownloader in Frameworks */ = {isa = PBXBuildFile; productRef = 656E5D052BFE40720056C11B /* FirebaseMLModelDownloader */; };
		656E5D082BFE40720056C11B /* FirebaseMessaging in Frameworks */ = {isa = PBXBuildFile; productRef = 656E5D072BFE40720056C11B /* FirebaseMessaging */; };
		656E5D0A2BFE40720056C11B /* FirebasePerformance in Frameworks */ = {isa = PBXBuildFile; productRef = 656E5D092BFE40720056C11B /* FirebasePerformance */; };
		656E5D0C2BFE40720056C11B /* FirebaseRemoteConfig in Frameworks */ = {isa = PBXBuildFile; productRef = 656E5D0B2BFE40720056C11B /* FirebaseRemoteConfig */; };
		656E5D0E2BFE40720056C11B /* FirebaseRemoteConfigSwift in Frameworks */ = {isa = PBXBuildFile; productRef = 656E5D0D2BFE40720056C11B /* FirebaseRemoteConfigSwift */; };
		656E5D102BFE40720056C11B /* FirebaseStorage in Frameworks */ = {isa = PBXBuildFile; productRef = 656E5D0F2BFE40720056C11B /* FirebaseStorage */; };
		656E5D122BFE40720056C11B /* FirebaseStorageCombine-Community in Frameworks */ = {isa = PBXBuildFile; productRef = 656E5D112BFE40720056C11B /* FirebaseStorageCombine-Community */; };
		65807F162C2CA6E600AACF2A /* DetallePublicacionViewController.swift in Sources */ = {isa = PBXBuildFile; fileRef = 65807F152C2CA6E600AACF2A /* DetallePublicacionViewController.swift */; };
		658469632C077D5200E4FAD2 /* GoogleSignIn in Frameworks */ = {isa = PBXBuildFile; productRef = 658469622C077D5200E4FAD2 /* GoogleSignIn */; };
		658469652C077D5200E4FAD2 /* GoogleSignInSwift in Frameworks */ = {isa = PBXBuildFile; productRef = 658469642C077D5200E4FAD2 /* GoogleSignInSwift */; };
		6588D2382C078F3100E45F6B /* GoogleService-Info.plist in Resources */ = {isa = PBXBuildFile; fileRef = 6588D2372C078F3100E45F6B /* GoogleService-Info.plist */; };
/* End PBXBuildFile section */

/* Begin PBXFileReference section */
		6516F0F42C261AC40066669C /* proPMA.entitlements */ = {isa = PBXFileReference; lastKnownFileType = text.plist.entitlements; path = proPMA.entitlements; sourceTree = "<group>"; };
		6516F0F72C2620800066669C /* homeViewController.swift */ = {isa = PBXFileReference; lastKnownFileType = sourcecode.swift; path = homeViewController.swift; sourceTree = "<group>"; };
		653EC7F62C2B7BE1002EBA67 /* modelos.swift */ = {isa = PBXFileReference; lastKnownFileType = sourcecode.swift; path = modelos.swift; sourceTree = "<group>"; };
		653EC7F82C2B7C5D002EBA67 /* AgregarPublicacionViewController.swift */ = {isa = PBXFileReference; lastKnownFileType = sourcecode.swift; path = AgregarPublicacionViewController.swift; sourceTree = "<group>"; };
		656E5CC32BFE348F0056C11B /* proPMA.app */ = {isa = PBXFileReference; explicitFileType = wrapper.application; includeInIndex = 0; path = proPMA.app; sourceTree = BUILT_PRODUCTS_DIR; };
		656E5CC62BFE348F0056C11B /* AppDelegate.swift */ = {isa = PBXFileReference; lastKnownFileType = sourcecode.swift; path = AppDelegate.swift; sourceTree = "<group>"; };
		656E5CC82BFE348F0056C11B /* SceneDelegate.swift */ = {isa = PBXFileReference; lastKnownFileType = sourcecode.swift; path = SceneDelegate.swift; sourceTree = "<group>"; };
		656E5CCA2BFE348F0056C11B /* iniciarSesionViewController.swift */ = {isa = PBXFileReference; lastKnownFileType = sourcecode.swift; path = iniciarSesionViewController.swift; sourceTree = "<group>"; };
		656E5CCD2BFE348F0056C11B /* Base */ = {isa = PBXFileReference; lastKnownFileType = file.storyboard; name = Base; path = Base.lproj/Main.storyboard; sourceTree = "<group>"; };
		656E5CCF2BFE34900056C11B /* Assets.xcassets */ = {isa = PBXFileReference; lastKnownFileType = folder.assetcatalog; path = Assets.xcassets; sourceTree = "<group>"; };
		656E5CD22BFE34900056C11B /* Base */ = {isa = PBXFileReference; lastKnownFileType = file.storyboard; name = Base; path = Base.lproj/LaunchScreen.storyboard; sourceTree = "<group>"; };
		656E5CD42BFE34900056C11B /* Info.plist */ = {isa = PBXFileReference; lastKnownFileType = text.plist.xml; path = Info.plist; sourceTree = "<group>"; };
		65807F152C2CA6E600AACF2A /* DetallePublicacionViewController.swift */ = {isa = PBXFileReference; lastKnownFileType = sourcecode.swift; path = DetallePublicacionViewController.swift; sourceTree = "<group>"; };
		6588D2372C078F3100E45F6B /* GoogleService-Info.plist */ = {isa = PBXFileReference; fileEncoding = 4; lastKnownFileType = text.plist.xml; name = "GoogleService-Info.plist"; path = "../../../../Downloads/GoogleService-Info.plist"; sourceTree = "<group>"; };
/* End PBXFileReference section */

/* Begin PBXFrameworksBuildPhase section */
		656E5CC02BFE348F0056C11B /* Frameworks */ = {
			isa = PBXFrameworksBuildPhase;
			buildActionMask = 2147483647;
			files = (
				656E5CF02BFE40710056C11B /* FirebaseDatabase in Frameworks */,
				656E5CFE2BFE40720056C11B /* FirebaseFunctionsCombine-Community in Frameworks */,
				656E5CF62BFE40710056C11B /* FirebaseFirestore in Frameworks */,
				656E5CE22BFE40710056C11B /* FirebaseAnalyticsSwift in Frameworks */,
				656E5CDE2BFE40710056C11B /* FirebaseAnalytics in Frameworks */,
				656E5CE02BFE40710056C11B /* FirebaseAnalyticsOnDeviceConversion in Frameworks */,
				656E5D062BFE40720056C11B /* FirebaseMLModelDownloader in Frameworks */,
				658469652C077D5200E4FAD2 /* GoogleSignInSwift in Frameworks */,
				656E5CFA2BFE40710056C11B /* FirebaseFirestoreSwift in Frameworks */,
				656E5CE62BFE40710056C11B /* FirebaseAppCheck in Frameworks */,
				656E5CE42BFE40710056C11B /* FirebaseAnalyticsWithoutAdIdSupport in Frameworks */,
				656E5CEA2BFE40710056C11B /* FirebaseAuth in Frameworks */,
				656E5CEE2BFE40710056C11B /* FirebaseCrashlytics in Frameworks */,
				656E5D0E2BFE40720056C11B /* FirebaseRemoteConfigSwift in Frameworks */,
				658469632C077D5200E4FAD2 /* GoogleSignIn in Frameworks */,
				656E5D002BFE40720056C11B /* FirebaseInAppMessaging-Beta in Frameworks */,
				656E5CF22BFE40710056C11B /* FirebaseDatabaseSwift in Frameworks */,
				656E5CFC2BFE40720056C11B /* FirebaseFunctions in Frameworks */,
				656E5D122BFE40720056C11B /* FirebaseStorageCombine-Community in Frameworks */,
				656E5D0C2BFE40720056C11B /* FirebaseRemoteConfig in Frameworks */,
				656E5CE82BFE40710056C11B /* FirebaseAppDistribution-Beta in Frameworks */,
				656E5CEC2BFE40710056C11B /* FirebaseAuthCombine-Community in Frameworks */,
				656E5D0A2BFE40720056C11B /* FirebasePerformance in Frameworks */,
				656E5D022BFE40720056C11B /* FirebaseInAppMessagingSwift-Beta in Frameworks */,
				656E5D102BFE40720056C11B /* FirebaseStorage in Frameworks */,
				656E5CF42BFE40710056C11B /* FirebaseDynamicLinks in Frameworks */,
				656E5CF82BFE40710056C11B /* FirebaseFirestoreCombine-Community in Frameworks */,
				656E5D082BFE40720056C11B /* FirebaseMessaging in Frameworks */,
				656E5D042BFE40720056C11B /* FirebaseInstallations in Frameworks */,
			);
			runOnlyForDeploymentPostprocessing = 0;
		};
/* End PBXFrameworksBuildPhase section */

/* Begin PBXGroup section */
		656E5CBA2BFE348F0056C11B = {
			isa = PBXGroup;
			children = (
				656E5CC52BFE348F0056C11B /* proPMA */,
				656E5CC42BFE348F0056C11B /* Products */,
			);
			sourceTree = "<group>";
		};
		656E5CC42BFE348F0056C11B /* Products */ = {
			isa = PBXGroup;
			children = (
				656E5CC32BFE348F0056C11B /* proPMA.app */,
			);
			name = Products;
			sourceTree = "<group>";
		};
		656E5CC52BFE348F0056C11B /* proPMA */ = {
			isa = PBXGroup;
			children = (
				6516F0F42C261AC40066669C /* proPMA.entitlements */,
				6588D2372C078F3100E45F6B /* GoogleService-Info.plist */,
				656E5CC62BFE348F0056C11B /* AppDelegate.swift */,
				656E5CC82BFE348F0056C11B /* SceneDelegate.swift */,
				653EC7F62C2B7BE1002EBA67 /* modelos.swift */,
				656E5CCA2BFE348F0056C11B /* iniciarSesionViewController.swift */,
				6516F0F72C2620800066669C /* homeViewController.swift */,
				653EC7F82C2B7C5D002EBA67 /* AgregarPublicacionViewController.swift */,
				65807F152C2CA6E600AACF2A /* DetallePublicacionViewController.swift */,
				656E5CCC2BFE348F0056C11B /* Main.storyboard */,
				656E5CCF2BFE34900056C11B /* Assets.xcassets */,
				656E5CD12BFE34900056C11B /* LaunchScreen.storyboard */,
				656E5CD42BFE34900056C11B /* Info.plist */,
			);
			path = proPMA;
			sourceTree = "<group>";
		};
/* End PBXGroup section */

/* Begin PBXNativeTarget section */
		656E5CC22BFE348F0056C11B /* proPMA */ = {
			isa = PBXNativeTarget;
			buildConfigurationList = 656E5CD72BFE34900056C11B /* Build configuration list for PBXNativeTarget "proPMA" */;
			buildPhases = (
				656E5CBF2BFE348F0056C11B /* Sources */,
				656E5CC02BFE348F0056C11B /* Frameworks */,
				656E5CC12BFE348F0056C11B /* Resources */,
			);
			buildRules = (
			);
			dependencies = (
			);
			name = proPMA;
			packageProductDependencies = (
				656E5CDD2BFE40710056C11B /* FirebaseAnalytics */,
				656E5CDF2BFE40710056C11B /* FirebaseAnalyticsOnDeviceConversion */,
				656E5CE12BFE40710056C11B /* FirebaseAnalyticsSwift */,
				656E5CE32BFE40710056C11B /* FirebaseAnalyticsWithoutAdIdSupport */,
				656E5CE52BFE40710056C11B /* FirebaseAppCheck */,
				656E5CE72BFE40710056C11B /* FirebaseAppDistribution-Beta */,
				656E5CE92BFE40710056C11B /* FirebaseAuth */,
				656E5CEB2BFE40710056C11B /* FirebaseAuthCombine-Community */,
				656E5CED2BFE40710056C11B /* FirebaseCrashlytics */,
				656E5CEF2BFE40710056C11B /* FirebaseDatabase */,
				656E5CF12BFE40710056C11B /* FirebaseDatabaseSwift */,
				656E5CF32BFE40710056C11B /* FirebaseDynamicLinks */,
				656E5CF52BFE40710056C11B /* FirebaseFirestore */,
				656E5CF72BFE40710056C11B /* FirebaseFirestoreCombine-Community */,
				656E5CF92BFE40710056C11B /* FirebaseFirestoreSwift */,
				656E5CFB2BFE40720056C11B /* FirebaseFunctions */,
				656E5CFD2BFE40720056C11B /* FirebaseFunctionsCombine-Community */,
				656E5CFF2BFE40720056C11B /* FirebaseInAppMessaging-Beta */,
				656E5D012BFE40720056C11B /* FirebaseInAppMessagingSwift-Beta */,
				656E5D032BFE40720056C11B /* FirebaseInstallations */,
				656E5D052BFE40720056C11B /* FirebaseMLModelDownloader */,
				656E5D072BFE40720056C11B /* FirebaseMessaging */,
				656E5D092BFE40720056C11B /* FirebasePerformance */,
				656E5D0B2BFE40720056C11B /* FirebaseRemoteConfig */,
				656E5D0D2BFE40720056C11B /* FirebaseRemoteConfigSwift */,
				656E5D0F2BFE40720056C11B /* FirebaseStorage */,
				656E5D112BFE40720056C11B /* FirebaseStorageCombine-Community */,
				658469622C077D5200E4FAD2 /* GoogleSignIn */,
				658469642C077D5200E4FAD2 /* GoogleSignInSwift */,
			);
			productName = proPMA;
			productReference = 656E5CC32BFE348F0056C11B /* proPMA.app */;
			productType = "com.apple.product-type.application";
		};
/* End PBXNativeTarget section */

/* Begin PBXProject section */
		656E5CBB2BFE348F0056C11B /* Project object */ = {
			isa = PBXProject;
			attributes = {
				BuildIndependentTargetsInParallel = 1;
				LastSwiftUpdateCheck = 1340;
				LastUpgradeCheck = 1340;
				TargetAttributes = {
					656E5CC22BFE348F0056C11B = {
						CreatedOnToolsVersion = 13.4.1;
					};
				};
			};
			buildConfigurationList = 656E5CBE2BFE348F0056C11B /* Build configuration list for PBXProject "proPMA" */;
			compatibilityVersion = "Xcode 13.0";
			developmentRegion = en;
			hasScannedForEncodings = 0;
			knownRegions = (
				en,
				Base,
			);
			mainGroup = 656E5CBA2BFE348F0056C11B;
			packageReferences = (
				656E5CDC2BFE40710056C11B /* XCRemoteSwiftPackageReference "firebase-ios-sdk" */,
				658469612C077D5100E4FAD2 /* XCRemoteSwiftPackageReference "GoogleSignIn-iOS" */,
			);
			productRefGroup = 656E5CC42BFE348F0056C11B /* Products */;
			projectDirPath = "";
			projectRoot = "";
			targets = (
				656E5CC22BFE348F0056C11B /* proPMA */,
			);
		};
/* End PBXProject section */

/* Begin PBXResourcesBuildPhase section */
		656E5CC12BFE348F0056C11B /* Resources */ = {
			isa = PBXResourcesBuildPhase;
			buildActionMask = 2147483647;
			files = (
				656E5CD32BFE34900056C11B /* LaunchScreen.storyboard in Resources */,
				6588D2382C078F3100E45F6B /* GoogleService-Info.plist in Resources */,
				656E5CD02BFE34900056C11B /* Assets.xcassets in Resources */,
				656E5CCE2BFE348F0056C11B /* Main.storyboard in Resources */,
			);
			runOnlyForDeploymentPostprocessing = 0;
		};
/* End PBXResourcesBuildPhase section */

/* Begin PBXSourcesBuildPhase section */
		656E5CBF2BFE348F0056C11B /* Sources */ = {
			isa = PBXSourcesBuildPhase;
			buildActionMask = 2147483647;
			files = (
				653EC7F92C2B7C5D002EBA67 /* AgregarPublicacionViewController.swift in Sources */,
				65807F162C2CA6E600AACF2A /* DetallePublicacionViewController.swift in Sources */,
				656E5CCB2BFE348F0056C11B /* iniciarSesionViewController.swift in Sources */,
				653EC7F72C2B7BE1002EBA67 /* modelos.swift in Sources */,
				656E5CC72BFE348F0056C11B /* AppDelegate.swift in Sources */,
				656E5CC92BFE348F0056C11B /* SceneDelegate.swift in Sources */,
				6516F0F82C2620810066669C /* homeViewController.swift in Sources */,
			);
			runOnlyForDeploymentPostprocessing = 0;
		};
/* End PBXSourcesBuildPhase section */

/* Begin PBXVariantGroup section */
		656E5CCC2BFE348F0056C11B /* Main.storyboard */ = {
			isa = PBXVariantGroup;
			children = (
				656E5CCD2BFE348F0056C11B /* Base */,
			);
			name = Main.storyboard;
			sourceTree = "<group>";
		};
		656E5CD12BFE34900056C11B /* LaunchScreen.storyboard */ = {
			isa = PBXVariantGroup;
			children = (
				656E5CD22BFE34900056C11B /* Base */,
			);
			name = LaunchScreen.storyboard;
			sourceTree = "<group>";
		};
/* End PBXVariantGroup section */

/* Begin XCBuildConfiguration section */
		656E5CD52BFE34900056C11B /* Debug */ = {
			isa = XCBuildConfiguration;
			buildSettings = {
				ALWAYS_SEARCH_USER_PATHS = NO;
				CLANG_ANALYZER_NONNULL = YES;
				CLANG_ANALYZER_NUMBER_OBJECT_CONVERSION = YES_AGGRESSIVE;
				CLANG_CXX_LANGUAGE_STANDARD = "gnu++17";
				CLANG_ENABLE_MODULES = YES;
				CLANG_ENABLE_OBJC_ARC = YES;
				CLANG_ENABLE_OBJC_WEAK = YES;
				CLANG_WARN_BLOCK_CAPTURE_AUTORELEASING = YES;
				CLANG_WARN_BOOL_CONVERSION = YES;
				CLANG_WARN_COMMA = YES;
				CLANG_WARN_CONSTANT_CONVERSION = YES;
				CLANG_WARN_DEPRECATED_OBJC_IMPLEMENTATIONS = YES;
				CLANG_WARN_DIRECT_OBJC_ISA_USAGE = YES_ERROR;
				CLANG_WARN_DOCUMENTATION_COMMENTS = YES;
				CLANG_WARN_EMPTY_BODY = YES;
				CLANG_WARN_ENUM_CONVERSION = YES;
				CLANG_WARN_INFINITE_RECURSION = YES;
				CLANG_WARN_INT_CONVERSION = YES;
				CLANG_WARN_NON_LITERAL_NULL_CONVERSION = YES;
				CLANG_WARN_OBJC_IMPLICIT_RETAIN_SELF = YES;
				CLANG_WARN_OBJC_LITERAL_CONVERSION = YES;
				CLANG_WARN_OBJC_ROOT_CLASS = YES_ERROR;
				CLANG_WARN_QUOTED_INCLUDE_IN_FRAMEWORK_HEADER = YES;
				CLANG_WARN_RANGE_LOOP_ANALYSIS = YES;
				CLANG_WARN_STRICT_PROTOTYPES = YES;
				CLANG_WARN_SUSPICIOUS_MOVE = YES;
				CLANG_WARN_UNGUARDED_AVAILABILITY = YES_AGGRESSIVE;
				CLANG_WARN_UNREACHABLE_CODE = YES;
				CLANG_WARN__DUPLICATE_METHOD_MATCH = YES;
				COPY_PHASE_STRIP = NO;
				DEBUG_INFORMATION_FORMAT = dwarf;
				ENABLE_STRICT_OBJC_MSGSEND = YES;
				ENABLE_TESTABILITY = YES;
				GCC_C_LANGUAGE_STANDARD = gnu11;
				GCC_DYNAMIC_NO_PIC = NO;
				GCC_NO_COMMON_BLOCKS = YES;
				GCC_OPTIMIZATION_LEVEL = 0;
				GCC_PREPROCESSOR_DEFINITIONS = (
					"DEBUG=1",
					"$(inherited)",
				);
				GCC_WARN_64_TO_32_BIT_CONVERSION = YES;
				GCC_WARN_ABOUT_RETURN_TYPE = YES_ERROR;
				GCC_WARN_UNDECLARED_SELECTOR = YES;
				GCC_WARN_UNINITIALIZED_AUTOS = YES_AGGRESSIVE;
				GCC_WARN_UNUSED_FUNCTION = YES;
				GCC_WARN_UNUSED_VARIABLE = YES;
				IPHONEOS_DEPLOYMENT_TARGET = 15.5;
				MTL_ENABLE_DEBUG_INFO = INCLUDE_SOURCE;
				MTL_FAST_MATH = YES;
				ONLY_ACTIVE_ARCH = YES;
				SDKROOT = iphoneos;
				SWIFT_ACTIVE_COMPILATION_CONDITIONS = DEBUG;
				SWIFT_OPTIMIZATION_LEVEL = "-Onone";
			};
			name = Debug;
		};
		656E5CD62BFE34900056C11B /* Release */ = {
			isa = XCBuildConfiguration;
			buildSettings = {
				ALWAYS_SEARCH_USER_PATHS = NO;
				CLANG_ANALYZER_NONNULL = YES;
				CLANG_ANALYZER_NUMBER_OBJECT_CONVERSION = YES_AGGRESSIVE;
				CLANG_CXX_LANGUAGE_STANDARD = "gnu++17";
				CLANG_ENABLE_MODULES = YES;
				CLANG_ENABLE_OBJC_ARC = YES;
				CLANG_ENABLE_OBJC_WEAK = YES;
				CLANG_WARN_BLOCK_CAPTURE_AUTORELEASING = YES;
				CLANG_WARN_BOOL_CONVERSION = YES;
				CLANG_WARN_COMMA = YES;
				CLANG_WARN_CONSTANT_CONVERSION = YES;
				CLANG_WARN_DEPRECATED_OBJC_IMPLEMENTATIONS = YES;
				CLANG_WARN_DIRECT_OBJC_ISA_USAGE = YES_ERROR;
				CLANG_WARN_DOCUMENTATION_COMMENTS = YES;
				CLANG_WARN_EMPTY_BODY = YES;
				CLANG_WARN_ENUM_CONVERSION = YES;
				CLANG_WARN_INFINITE_RECURSION = YES;
				CLANG_WARN_INT_CONVERSION = YES;
				CLANG_WARN_NON_LITERAL_NULL_CONVERSION = YES;
				CLANG_WARN_OBJC_IMPLICIT_RETAIN_SELF = YES;
				CLANG_WARN_OBJC_LITERAL_CONVERSION = YES;
				CLANG_WARN_OBJC_ROOT_CLASS = YES_ERROR;
				CLANG_WARN_QUOTED_INCLUDE_IN_FRAMEWORK_HEADER = YES;
				CLANG_WARN_RANGE_LOOP_ANALYSIS = YES;
				CLANG_WARN_STRICT_PROTOTYPES = YES;
				CLANG_WARN_SUSPICIOUS_MOVE = YES;
				CLANG_WARN_UNGUARDED_AVAILABILITY = YES_AGGRESSIVE;
				CLANG_WARN_UNREACHABLE_CODE = YES;
				CLANG_WARN__DUPLICATE_METHOD_MATCH = YES;
				COPY_PHASE_STRIP = NO;
				DEBUG_INFORMATION_FORMAT = "dwarf-with-dsym";
				ENABLE_NS_ASSERTIONS = NO;
				ENABLE_STRICT_OBJC_MSGSEND = YES;
				GCC_C_LANGUAGE_STANDARD = gnu11;
				GCC_NO_COMMON_BLOCKS = YES;
				GCC_WARN_64_TO_32_BIT_CONVERSION = YES;
				GCC_WARN_ABOUT_RETURN_TYPE = YES_ERROR;
				GCC_WARN_UNDECLARED_SELECTOR = YES;
				GCC_WARN_UNINITIALIZED_AUTOS = YES_AGGRESSIVE;
				GCC_WARN_UNUSED_FUNCTION = YES;
				GCC_WARN_UNUSED_VARIABLE = YES;
				IPHONEOS_DEPLOYMENT_TARGET = 15.5;
				MTL_ENABLE_DEBUG_INFO = NO;
				MTL_FAST_MATH = YES;
				SDKROOT = iphoneos;
				SWIFT_COMPILATION_MODE = wholemodule;
				SWIFT_OPTIMIZATION_LEVEL = "-O";
				VALIDATE_PRODUCT = YES;
			};
			name = Release;
		};
		656E5CD82BFE34900056C11B /* Debug */ = {
			isa = XCBuildConfiguration;
			buildSettings = {
				ASSETCATALOG_COMPILER_APPICON_NAME = AppIcon;
				ASSETCATALOG_COMPILER_GLOBAL_ACCENT_COLOR_NAME = AccentColor;
				CODE_SIGN_ENTITLEMENTS = proPMA/proPMA.entitlements;
				CODE_SIGN_STYLE = Automatic;
				CURRENT_PROJECT_VERSION = 1;
				GENERATE_INFOPLIST_FILE = YES;
				INFOPLIST_FILE = proPMA/Info.plist;
				INFOPLIST_KEY_UIApplicationSupportsIndirectInputEvents = YES;
				INFOPLIST_KEY_UILaunchStoryboardName = LaunchScreen;
				INFOPLIST_KEY_UIMainStoryboardFile = Main;
				INFOPLIST_KEY_UISupportedInterfaceOrientations_iPad = "UIInterfaceOrientationPortrait UIInterfaceOrientationPortraitUpsideDown UIInterfaceOrientationLandscapeLeft UIInterfaceOrientationLandscapeRight";
				INFOPLIST_KEY_UISupportedInterfaceOrientations_iPhone = "UIInterfaceOrientationPortrait UIInterfaceOrientationLandscapeLeft UIInterfaceOrientationLandscapeRight";
				LD_RUNPATH_SEARCH_PATHS = (
					"$(inherited)",
					"@executable_path/Frameworks",
				);
				MARKETING_VERSION = 1.0;
				PRODUCT_BUNDLE_IDENTIFIER = com.proPMA;
				PRODUCT_NAME = "$(TARGET_NAME)";
				SWIFT_EMIT_LOC_STRINGS = YES;
				SWIFT_VERSION = 5.0;
				TARGETED_DEVICE_FAMILY = "1,2";
			};
			name = Debug;
		};
		656E5CD92BFE34900056C11B /* Release */ = {
			isa = XCBuildConfiguration;
			buildSettings = {
				ASSETCATALOG_COMPILER_APPICON_NAME = AppIcon;
				ASSETCATALOG_COMPILER_GLOBAL_ACCENT_COLOR_NAME = AccentColor;
				CODE_SIGN_ENTITLEMENTS = proPMA/proPMA.entitlements;
				CODE_SIGN_STYLE = Automatic;
				CURRENT_PROJECT_VERSION = 1;
				GENERATE_INFOPLIST_FILE = YES;
				INFOPLIST_FILE = proPMA/Info.plist;
				INFOPLIST_KEY_UIApplicationSupportsIndirectInputEvents = YES;
				INFOPLIST_KEY_UILaunchStoryboardName = LaunchScreen;
				INFOPLIST_KEY_UIMainStoryboardFile = Main;
				INFOPLIST_KEY_UISupportedInterfaceOrientations_iPad = "UIInterfaceOrientationPortrait UIInterfaceOrientationPortraitUpsideDown UIInterfaceOrientationLandscapeLeft UIInterfaceOrientationLandscapeRight";
				INFOPLIST_KEY_UISupportedInterfaceOrientations_iPhone = "UIInterfaceOrientationPortrait UIInterfaceOrientationLandscapeLeft UIInterfaceOrientationLandscapeRight";
				LD_RUNPATH_SEARCH_PATHS = (
					"$(inherited)",
					"@executable_path/Frameworks",
				);
				MARKETING_VERSION = 1.0;
				PRODUCT_BUNDLE_IDENTIFIER = com.proPMA;
				PRODUCT_NAME = "$(TARGET_NAME)";
				SWIFT_EMIT_LOC_STRINGS = YES;
				SWIFT_VERSION = 5.0;
				TARGETED_DEVICE_FAMILY = "1,2";
			};
			name = Release;
		};
/* End XCBuildConfiguration section */

/* Begin XCConfigurationList section */
		656E5CBE2BFE348F0056C11B /* Build configuration list for PBXProject "proPMA" */ = {
			isa = XCConfigurationList;
			buildConfigurations = (
				656E5CD52BFE34900056C11B /* Debug */,
				656E5CD62BFE34900056C11B /* Release */,
			);
			defaultConfigurationIsVisible = 0;
			defaultConfigurationName = Release;
		};
		656E5CD72BFE34900056C11B /* Build configuration list for PBXNativeTarget "proPMA" */ = {
			isa = XCConfigurationList;
			buildConfigurations = (
				656E5CD82BFE34900056C11B /* Debug */,
				656E5CD92BFE34900056C11B /* Release */,
			);
			defaultConfigurationIsVisible = 0;
			defaultConfigurationName = Release;
		};
/* End XCConfigurationList section */

/* Begin XCRemoteSwiftPackageReference section */
		656E5CDC2BFE40710056C11B /* XCRemoteSwiftPackageReference "firebase-ios-sdk" */ = {
			isa = XCRemoteSwiftPackageReference;
			repositoryURL = "https://github.com/firebase/firebase-ios-sdk";
			requirement = {
				kind = upToNextMajorVersion;
				minimumVersion = 9.0.0;
			};
		};
		658469612C077D5100E4FAD2 /* XCRemoteSwiftPackageReference "GoogleSignIn-iOS" */ = {
			isa = XCRemoteSwiftPackageReference;
			repositoryURL = "https://github.com/google/GoogleSignIn-iOS";
			requirement = {
				kind = upToNextMajorVersion;
				minimumVersion = 7.0.0;
			};
		};
/* End XCRemoteSwiftPackageReference section */

/* Begin XCSwiftPackageProductDependency section */
		656E5CDD2BFE40710056C11B /* FirebaseAnalytics */ = {
			isa = XCSwiftPackageProductDependency;
			package = 656E5CDC2BFE40710056C11B /* XCRemoteSwiftPackageReference "firebase-ios-sdk" */;
			productName = FirebaseAnalytics;
		};
		656E5CDF2BFE40710056C11B /* FirebaseAnalyticsOnDeviceConversion */ = {
			isa = XCSwiftPackageProductDependency;
			package = 656E5CDC2BFE40710056C11B /* XCRemoteSwiftPackageReference "firebase-ios-sdk" */;
			productName = FirebaseAnalyticsOnDeviceConversion;
		};
		656E5CE12BFE40710056C11B /* FirebaseAnalyticsSwift */ = {
			isa = XCSwiftPackageProductDependency;
			package = 656E5CDC2BFE40710056C11B /* XCRemoteSwiftPackageReference "firebase-ios-sdk" */;
			productName = FirebaseAnalyticsSwift;
		};
		656E5CE32BFE40710056C11B /* FirebaseAnalyticsWithoutAdIdSupport */ = {
			isa = XCSwiftPackageProductDependency;
			package = 656E5CDC2BFE40710056C11B /* XCRemoteSwiftPackageReference "firebase-ios-sdk" */;
			productName = FirebaseAnalyticsWithoutAdIdSupport;
		};
		656E5CE52BFE40710056C11B /* FirebaseAppCheck */ = {
			isa = XCSwiftPackageProductDependency;
			package = 656E5CDC2BFE40710056C11B /* XCRemoteSwiftPackageReference "firebase-ios-sdk" */;
			productName = FirebaseAppCheck;
		};
		656E5CE72BFE40710056C11B /* FirebaseAppDistribution-Beta */ = {
			isa = XCSwiftPackageProductDependency;
			package = 656E5CDC2BFE40710056C11B /* XCRemoteSwiftPackageReference "firebase-ios-sdk" */;
			productName = "FirebaseAppDistribution-Beta";
		};
		656E5CE92BFE40710056C11B /* FirebaseAuth */ = {
			isa = XCSwiftPackageProductDependency;
			package = 656E5CDC2BFE40710056C11B /* XCRemoteSwiftPackageReference "firebase-ios-sdk" */;
			productName = FirebaseAuth;
		};
		656E5CEB2BFE40710056C11B /* FirebaseAuthCombine-Community */ = {
			isa = XCSwiftPackageProductDependency;
			package = 656E5CDC2BFE40710056C11B /* XCRemoteSwiftPackageReference "firebase-ios-sdk" */;
			productName = "FirebaseAuthCombine-Community";
		};
		656E5CED2BFE40710056C11B /* FirebaseCrashlytics */ = {
			isa = XCSwiftPackageProductDependency;
			package = 656E5CDC2BFE40710056C11B /* XCRemoteSwiftPackageReference "firebase-ios-sdk" */;
			productName = FirebaseCrashlytics;
		};
		656E5CEF2BFE40710056C11B /* FirebaseDatabase */ = {
			isa = XCSwiftPackageProductDependency;
			package = 656E5CDC2BFE40710056C11B /* XCRemoteSwiftPackageReference "firebase-ios-sdk" */;
			productName = FirebaseDatabase;
		};
		656E5CF12BFE40710056C11B /* FirebaseDatabaseSwift */ = {
			isa = XCSwiftPackageProductDependency;
			package = 656E5CDC2BFE40710056C11B /* XCRemoteSwiftPackageReference "firebase-ios-sdk" */;
			productName = FirebaseDatabaseSwift;
		};
		656E5CF32BFE40710056C11B /* FirebaseDynamicLinks */ = {
			isa = XCSwiftPackageProductDependency;
			package = 656E5CDC2BFE40710056C11B /* XCRemoteSwiftPackageReference "firebase-ios-sdk" */;
			productName = FirebaseDynamicLinks;
		};
		656E5CF52BFE40710056C11B /* FirebaseFirestore */ = {
			isa = XCSwiftPackageProductDependency;
			package = 656E5CDC2BFE40710056C11B /* XCRemoteSwiftPackageReference "firebase-ios-sdk" */;
			productName = FirebaseFirestore;
		};
		656E5CF72BFE40710056C11B /* FirebaseFirestoreCombine-Community */ = {
			isa = XCSwiftPackageProductDependency;
			package = 656E5CDC2BFE40710056C11B /* XCRemoteSwiftPackageReference "firebase-ios-sdk" */;
			productName = "FirebaseFirestoreCombine-Community";
		};
		656E5CF92BFE40710056C11B /* FirebaseFirestoreSwift */ = {
			isa = XCSwiftPackageProductDependency;
			package = 656E5CDC2BFE40710056C11B /* XCRemoteSwiftPackageReference "firebase-ios-sdk" */;
			productName = FirebaseFirestoreSwift;
		};
		656E5CFB2BFE40720056C11B /* FirebaseFunctions */ = {
			isa = XCSwiftPackageProductDependency;
			package = 656E5CDC2BFE40710056C11B /* XCRemoteSwiftPackageReference "firebase-ios-sdk" */;
			productName = FirebaseFunctions;
		};
		656E5CFD2BFE40720056C11B /* FirebaseFunctionsCombine-Community */ = {
			isa = XCSwiftPackageProductDependency;
			package = 656E5CDC2BFE40710056C11B /* XCRemoteSwiftPackageReference "firebase-ios-sdk" */;
			productName = "FirebaseFunctionsCombine-Community";
		};
		656E5CFF2BFE40720056C11B /* FirebaseInAppMessaging-Beta */ = {
			isa = XCSwiftPackageProductDependency;
			package = 656E5CDC2BFE40710056C11B /* XCRemoteSwiftPackageReference "firebase-ios-sdk" */;
			productName = "FirebaseInAppMessaging-Beta";
		};
		656E5D012BFE40720056C11B /* FirebaseInAppMessagingSwift-Beta */ = {
			isa = XCSwiftPackageProductDependency;
			package = 656E5CDC2BFE40710056C11B /* XCRemoteSwiftPackageReference "firebase-ios-sdk" */;
			productName = "FirebaseInAppMessagingSwift-Beta";
		};
		656E5D032BFE40720056C11B /* FirebaseInstallations */ = {
			isa = XCSwiftPackageProductDependency;
			package = 656E5CDC2BFE40710056C11B /* XCRemoteSwiftPackageReference "firebase-ios-sdk" */;
			productName = FirebaseInstallations;
		};
		656E5D052BFE40720056C11B /* FirebaseMLModelDownloader */ = {
			isa = XCSwiftPackageProductDependency;
			package = 656E5CDC2BFE40710056C11B /* XCRemoteSwiftPackageReference "firebase-ios-sdk" */;
			productName = FirebaseMLModelDownloader;
		};
		656E5D072BFE40720056C11B /* FirebaseMessaging */ = {
			isa = XCSwiftPackageProductDependency;
			package = 656E5CDC2BFE40710056C11B /* XCRemoteSwiftPackageReference "firebase-ios-sdk" */;
			productName = FirebaseMessaging;
		};
		656E5D092BFE40720056C11B /* FirebasePerformance */ = {
			isa = XCSwiftPackageProductDependency;
			package = 656E5CDC2BFE40710056C11B /* XCRemoteSwiftPackageReference "firebase-ios-sdk" */;
			productName = FirebasePerformance;
		};
		656E5D0B2BFE40720056C11B /* FirebaseRemoteConfig */ = {
			isa = XCSwiftPackageProductDependency;
			package = 656E5CDC2BFE40710056C11B /* XCRemoteSwiftPackageReference "firebase-ios-sdk" */;
			productName = FirebaseRemoteConfig;
		};
		656E5D0D2BFE40720056C11B /* FirebaseRemoteConfigSwift */ = {
			isa = XCSwiftPackageProductDependency;
			package = 656E5CDC2BFE40710056C11B /* XCRemoteSwiftPackageReference "firebase-ios-sdk" */;
			productName = FirebaseRemoteConfigSwift;
		};
		656E5D0F2BFE40720056C11B /* FirebaseStorage */ = {
			isa = XCSwiftPackageProductDependency;
			package = 656E5CDC2BFE40710056C11B /* XCRemoteSwiftPackageReference "firebase-ios-sdk" */;
			productName = FirebaseStorage;
		};
		656E5D112BFE40720056C11B /* FirebaseStorageCombine-Community */ = {
			isa = XCSwiftPackageProductDependency;
			package = 656E5CDC2BFE40710056C11B /* XCRemoteSwiftPackageReference "firebase-ios-sdk" */;
			productName = "FirebaseStorageCombine-Community";
		};
		658469622C077D5200E4FAD2 /* GoogleSignIn */ = {
			isa = XCSwiftPackageProductDependency;
			package = 658469612C077D5100E4FAD2 /* XCRemoteSwiftPackageReference "GoogleSignIn-iOS" */;
			productName = GoogleSignIn;
		};
		658469642C077D5200E4FAD2 /* GoogleSignInSwift */ = {
			isa = XCSwiftPackageProductDependency;
			package = 658469612C077D5100E4FAD2 /* XCRemoteSwiftPackageReference "GoogleSignIn-iOS" */;
			productName = GoogleSignInSwift;
		};
/* End XCSwiftPackageProductDependency section */
	};
	rootObject = 656E5CBB2BFE348F0056C11B /* Project object */;
}
